
PODS:
- FMDB (2.0)
- GRMustache (5.4.3):
  - JRSwizzle (~> 1.0)
- JRSwizzle (1.0)
- MapBox (1.0.1):
  - FMDB (= 2.0)
  - GRMustache (= 5.4.3)
  - SMCalloutView (= 1.1)
- SMCalloutView (1.1)

DEPENDENCIES:
- MapBox (~> 1.0)

SPEC CHECKSUMS:
  FMDB: 77fb1c93b51bbf14d84d49d5374344b7f68c54f1
  GRMustache: dc2dce488f84524420d0c321c65d9367eb890a34
  JRSwizzle: 6242ff38485d870fc2636899048ee1ab883ae587
  MapBox: c99d98e039d5b83725d4d1ddb6bc3c2b856f899e
  SMCalloutView: 1c7d62044508a8d405c25495c380b17c613f769e

COCOAPODS: 0.16.4
